
Microsoft Visual Studio Solution File, Format Version 12.00
# Visual Studio Version 16
VisualStudioVersion = 16.0.28922.388
MinimumVisualStudioVersion = 10.0.40219.1
Project("{FAE04EC0-301F-11D3-BF4B-00C04F79EFBC}") = "Animation", "Animation.csproj", "{F50E063E-BC21-4A93-B7CC-1AD256073296}"
EndProject
Global
	GlobalSection(SolutionConfigurationPlatforms) = preSolution
		Debug|Any CPU = Debug|Any CPU
		Release|Any CPU = Release|Any CPU
	EndGlobalSection
	GlobalSection(ProjectConfigurationPlatforms) = postSolution
		{F50E063E-BC21-4A93-B7CC-1AD256073296}.Debug|Any CPU.ActiveCfg = Debug|Any CPU
		{F50E063E-BC21-4A93-B7CC-1AD256073296}.Debug|Any CPU.Build.0 = Debug|Any CPU
		{F50E063E-BC21-4A93-B7CC-1AD256073296}.Release|Any CPU.ActiveCfg = Release|Any CPU
		{F50E063E-BC21-4A93-B7CC-1AD256073296}.Release|Any CPU.Build.0 = Release|Any CPU
	EndGlobalSection
	GlobalSection(SolutionProperties) = preSolution
		HideSolutionNode = FALSE
	EndGlobalSection
	GlobalSection(ExtensibilityGlobals) = postSolution
		SolutionGuid = {2467A838-7060-426C-829A-C3621C845399}
	EndGlobalSection
EndGlobal
